
Microsoft Visual Studio Solution File, Format Version 12.00
# Visual Studio Version 16
VisualStudioVersion = 16.0.31410.357
MinimumVisualStudioVersion = 10.0.40219.1
Project("{FAE04EC0-301F-11D3-BF4B-00C04F79EFBC}") = "GmailSamplesConsole", "GmailSamplesConsole\GmailSamplesConsole.csproj", "{260C2DB8-A06D-4212-966B-A6E300000625}"
EndProject
Global
	GlobalSection(SolutionConfigurationPlatforms) = preSolution
		Debug|Any CPU = Debug|Any CPU
		Release|Any CPU = Release|Any CPU
	EndGlobalSection
	GlobalSection(ProjectConfigurationPlatforms) = postSolution
		{260C2DB8-A06D-4212-966B-A6E300000625}.Debug|Any CPU.ActiveCfg = Debug|Any CPU
		{260C2DB8-A06D-4212-966B-A6E300000625}.Debug|Any CPU.Build.0 = Debug|Any CPU
		{260C2DB8-A06D-4212-966B-A6E300000625}.Release|Any CPU.ActiveCfg = Release|Any CPU
		{260C2DB8-A06D-4212-966B-A6E300000625}.Release|Any CPU.Build.0 = Release|Any CPU
	EndGlobalSection
	GlobalSection(SolutionProperties) = preSolution
		HideSolutionNode = FALSE
	EndGlobalSection
	GlobalSection(ExtensibilityGlobals) = postSolution
		SolutionGuid = {09CBAF51-8845-4FA5-B68B-12658A7938FD}
	EndGlobalSection
EndGlobal
